
Microsoft Visual Studio Solution File, Format Version 12.00
# Visual Studio 2013
VisualStudioVersion = 12.0.30723.0
MinimumVisualStudioVersion = 10.0.40219.1
Project("{8BC9CEB8-8B4A-11D0-8D11-00A0C91BC942}") = "ASSAR", "ASSAR.vcxproj", "{B3E7B6E7-58F5-45F1-9081-0597B039A44F}"
EndProject
Project("{6141683F-8A12-4E36-9623-2EB02B2C2303}") = "Setup2", "..\Setup2\Setup2.isproj", "{AAE8E865-FD9B-4153-B368-97CBE1EA6CC7}"
	ProjectSection(ProjectDependencies) = postProject
		{B3E7B6E7-58F5-45F1-9081-0597B039A44F} = {B3E7B6E7-58F5-45F1-9081-0597B039A44F}
	EndProjectSection
EndProject
Global
	GlobalSection(SolutionConfigurationPlatforms) = preSolution
		CD_ROM|Win32 = CD_ROM|Win32
		Debug|Win32 = Debug|Win32
		DVD-5|Win32 = DVD-5|Win32
		Release|Win32 = Release|Win32
		SingleImage|Win32 = SingleImage|Win32
	EndGlobalSection
	GlobalSection(ProjectConfigurationPlatforms) = postSolution
		{B3E7B6E7-58F5-45F1-9081-0597B039A44F}.CD_ROM|Win32.ActiveCfg = Release|Win32
		{B3E7B6E7-58F5-45F1-9081-0597B039A44F}.CD_ROM|Win32.Build.0 = Release|Win32
		{B3E7B6E7-58F5-45F1-9081-0597B039A44F}.Debug|Win32.ActiveCfg = Debug|Win32
		{B3E7B6E7-58F5-45F1-9081-0597B039A44F}.Debug|Win32.Build.0 = Debug|Win32
		{B3E7B6E7-58F5-45F1-9081-0597B039A44F}.DVD-5|Win32.ActiveCfg = Debug|Win32
		{B3E7B6E7-58F5-45F1-9081-0597B039A44F}.DVD-5|Win32.Build.0 = Debug|Win32
		{B3E7B6E7-58F5-45F1-9081-0597B039A44F}.Release|Win32.ActiveCfg = Release|Win32
		{B3E7B6E7-58F5-45F1-9081-0597B039A44F}.Release|Win32.Build.0 = Release|Win32
		{B3E7B6E7-58F5-45F1-9081-0597B039A44F}.SingleImage|Win32.ActiveCfg = Release|Win32
		{B3E7B6E7-58F5-45F1-9081-0597B039A44F}.SingleImage|Win32.Build.0 = Release|Win32
		{AAE8E865-FD9B-4153-B368-97CBE1EA6CC7}.CD_ROM|Win32.ActiveCfg = CD_ROM
		{AAE8E865-FD9B-4153-B368-97CBE1EA6CC7}.CD_ROM|Win32.Build.0 = CD_ROM
		{AAE8E865-FD9B-4153-B368-97CBE1EA6CC7}.Debug|Win32.ActiveCfg = DVD-5
		{AAE8E865-FD9B-4153-B368-97CBE1EA6CC7}.Debug|Win32.Build.0 = DVD-5
		{AAE8E865-FD9B-4153-B368-97CBE1EA6CC7}.DVD-5|Win32.ActiveCfg = DVD-5
		{AAE8E865-FD9B-4153-B368-97CBE1EA6CC7}.DVD-5|Win32.Build.0 = DVD-5
		{AAE8E865-FD9B-4153-B368-97CBE1EA6CC7}.Release|Win32.ActiveCfg = SingleImage
		{AAE8E865-FD9B-4153-B368-97CBE1EA6CC7}.Release|Win32.Build.0 = SingleImage
		{AAE8E865-FD9B-4153-B368-97CBE1EA6CC7}.SingleImage|Win32.ActiveCfg = SingleImage
		{AAE8E865-FD9B-4153-B368-97CBE1EA6CC7}.SingleImage|Win32.Build.0 = SingleImage
	EndGlobalSection
	GlobalSection(SolutionProperties) = preSolution
		HideSolutionNode = FALSE
	EndGlobalSection
EndGlobal
