<?xml version="1.0" encoding="utf-8"?>
<Project ToolsVersion="4.0" xmlns="http://schemas.microsoft.com/developer/msbuild/2003">
  <ItemGroup>
    <Filter Include="Source Files">
      <UniqueIdentifier>{efa3b244-efa9-488d-b5aa-01a51333504e}</UniqueIdentifier>
      <Extensions>cpp;c;cxx;rc;def;r;odl;idl;hpj;bat;f90;for;f;fpp</Extensions>
    </Filter>
    <Filter Include="Resource Files">
      <UniqueIdentifier>{b8e2221f-0e06-4199-96b2-89a6dab87465}</UniqueIdentifier>
      <Extensions>ico;cur;bmp;dlg;rc2;rct;bin;rgs;gif;jpg;jpeg;jpe</Extensions>
    </Filter>
    <Filter Include="Header Files">
      <UniqueIdentifier>{2ac3b8f2-b40c-4353-abaf-2808b00d9810}</UniqueIdentifier>
      <Extensions>h;hpp;hxx;hm;inl;fi;fd</Extensions>
    </Filter>
  </ItemGroup>
  <ItemGroup>
    <ClCompile Include="ASSAR.cpp">
      <Filter>Source Files</Filter>
    </ClCompile>
    <ClCompile Include="Cell.cpp">
      <Filter>Source Files</Filter>
    </ClCompile>
    <ClCompile Include="CellLista.cpp">
      <Filter>Source Files</Filter>
    </ClCompile>
    <ClCompile Include="ColorSlider.cpp">
      <Filter>Source Files</Filter>
    </ClCompile>
    <ClCompile Include="DataFile.cpp">
      <Filter>Source Files</Filter>
    </ClCompile>
    <ClCompile Include="DialogChoise.cpp">
      <Filter>Source Files</Filter>
    </ClCompile>
    <ClCompile Include="DialogKalibreraRadar.cpp">
      <Filter>Source Files</Filter>
    </ClCompile>
    <ClCompile Include="DlgOverViewOpenGL.cpp">
      <Filter>Source Files</Filter>
    </ClCompile>
    <ClCompile Include="dlgradarppi.cpp">
      <Filter>Source Files</Filter>
    </ClCompile>
    <ClCompile Include="DlgRandomFalseTargets.cpp">
      <Filter>Source Files</Filter>
    </ClCompile>
    <ClCompile Include="MainFrm.cpp">
      <Filter>Source Files</Filter>
    </ClCompile>
    <ClCompile Include="OpenGL.cpp">
      <Filter>Source Files</Filter>
    </ClCompile>
    <ClCompile Include="PropPageJammer.cpp">
      <Filter>Source Files</Filter>
    </ClCompile>
    <ClCompile Include="PropPageRadar.cpp">
      <Filter>Source Files</Filter>
    </ClCompile>
    <ClCompile Include="PropPageTarget.cpp">
      <Filter>Source Files</Filter>
    </ClCompile>
    <ClCompile Include="PropSheetUtrustning.cpp">
      <Filter>Source Files</Filter>
    </ClCompile>
    <ClCompile Include="PropSheetUtrustning1.cpp">
      <Filter>Source Files</Filter>
    </ClCompile>
    <ClCompile Include="PropSheetUtrustning2.cpp">
      <Filter>Source Files</Filter>
    </ClCompile>
    <ClCompile Include="RadarCalculate.cpp">
      <Filter>Source Files</Filter>
    </ClCompile>
    <ClCompile Include="radarplotDoc.cpp">
      <Filter>Source Files</Filter>
    </ClCompile>
    <ClCompile Include="radarplotView.cpp">
      <Filter>Source Files</Filter>
    </ClCompile>
    <ClCompile Include="RadarPPI.cpp">
      <Filter>Source Files</Filter>
    </ClCompile>
    <ClCompile Include="Splash.cpp">
      <Filter>Source Files</Filter>
    </ClCompile>
    <ClCompile Include="StdAfx.cpp">
      <Filter>Source Files</Filter>
    </ClCompile>
    <ClCompile Include="Utrustning.cpp">
      <Filter>Source Files</Filter>
    </ClCompile>
    <ClCompile Include="UtrustningLista.cpp">
      <Filter>Source Files</Filter>
    </ClCompile>
    <ClCompile Include="UtrustningsKlasser.cpp">
      <Filter>Source Files</Filter>
    </ClCompile>
    <ClCompile Include="YellowEdit.cpp">
      <Filter>Source Files</Filter>
    </ClCompile>
    <ClCompile Include="DlgAntennaChart.cpp">
      <Filter>Source Files</Filter>
    </ClCompile>
    <ClCompile Include="XYPlot.cpp">
      <Filter>Source Files</Filter>
    </ClCompile>
  </ItemGroup>
  <ItemGroup>
    <ResourceCompile Include="ASSAR.rc">
      <Filter>Source Files</Filter>
    </ResourceCompile>
  </ItemGroup>
  <ItemGroup>
    <Image Include="res\ASSAR.ico">
      <Filter>Resource Files</Filter>
    </Image>
    <Image Include="res\ASSARDOC.ico">
      <Filter>Resource Files</Filter>
    </Image>
    <Image Include="res\bitmap1.bmp">
      <Filter>Resource Files</Filter>
    </Image>
    <Image Include="res\bitmap2.bmp">
      <Filter>Resource Files</Filter>
    </Image>
    <Image Include="res\bitmap3.bmp">
      <Filter>Resource Files</Filter>
    </Image>
    <Image Include="res\bitmap7.bmp">
      <Filter>Resource Files</Filter>
    </Image>
    <Image Include="res\Exempel.bmp">
      <Filter>Resource Files</Filter>
    </Image>
    <Image Include="res\fmvlogga.bmp">
      <Filter>Resource Files</Filter>
    </Image>
    <Image Include="res\fmvloggaliten.bmp">
      <Filter>Resource Files</Filter>
    </Image>
    <Image Include="res\ico00001.ico">
      <Filter>Resource Files</Filter>
    </Image>
    <Image Include="res\ico00002.ico">
      <Filter>Resource Files</Filter>
    </Image>
    <Image Include="res\icon1.ico">
      <Filter>Resource Files</Filter>
    </Image>
    <Image Include="res\icon1_j.ico">
      <Filter>Resource Files</Filter>
    </Image>
    <Image Include="res\icon3_j.ico">
      <Filter>Resource Files</Filter>
    </Image>
    <Image Include="..\..\iconer\icon3_j.ico">
      <Filter>Resource Files</Filter>
    </Image>
    <Image Include="iconstop.ico">
      <Filter>Resource Files</Filter>
    </Image>
    <Image Include="res\iconstop.ico">
      <Filter>Resource Files</Filter>
    </Image>
    <Image Include="res\iconwarn.ico">
      <Filter>Resource Files</Filter>
    </Image>
    <Image Include="res\JAS39.bmp">
      <Filter>Resource Files</Filter>
    </Image>
    <Image Include="res\JAS392.bmp">
      <Filter>Resource Files</Filter>
    </Image>
    <Image Include="res\JAS39_4.bmp">
      <Filter>Resource Files</Filter>
    </Image>
    <Image Include="res\jonne&amp;emma(liten).bmp">
      <Filter>Resource Files</Filter>
    </Image>
    <Image Include="res\L-39.bmp">
      <Filter>Resource Files</Filter>
    </Image>
    <Image Include="res\L-39200x160.bmp">
      <Filter>Resource Files</Filter>
    </Image>
    <Image Include="res\l39.bmp">
      <Filter>Resource Files</Filter>
    </Image>
    <Image Include="res\MONA.BMP">
      <Filter>Resource Files</Filter>
    </Image>
    <Image Include="res\radarplot.ico">
      <Filter>Resource Files</Filter>
    </Image>
    <Image Include="res\radarplotDoc.ico">
      <Filter>Resource Files</Filter>
    </Image>
    <Image Include="res\RadarPPI.bmp">
      <Filter>Resource Files</Filter>
    </Image>
    <Image Include="res\Splash.bmp">
      <Filter>Resource Files</Filter>
    </Image>
    <Image Include="Splsh16.bmp">
      <Filter>Resource Files</Filter>
    </Image>
    <Image Include="res\test.bmp">
      <Filter>Resource Files</Filter>
    </Image>
    <Image Include="res\Toolbar.bmp">
      <Filter>Resource Files</Filter>
    </Image>
    <Image Include="res\toolbar1.bmp">
      <Filter>Resource Files</Filter>
    </Image>
    <Image Include="res\visby2profil.bmp">
      <Filter>Resource Files</Filter>
    </Image>
  </ItemGroup>
  <ItemGroup>
    <ClInclude Include="ASSAR.h">
      <Filter>Header Files</Filter>
    </ClInclude>
    <ClInclude Include="Cell.h">
      <Filter>Header Files</Filter>
    </ClInclude>
    <ClInclude Include="CellLista.h">
      <Filter>Header Files</Filter>
    </ClInclude>
    <ClInclude Include="ColorSlider.h">
      <Filter>Header Files</Filter>
    </ClInclude>
    <ClInclude Include="DataFile.h">
      <Filter>Header Files</Filter>
    </ClInclude>
    <ClInclude Include="DialogChoise.h">
      <Filter>Header Files</Filter>
    </ClInclude>
    <ClInclude Include="DialogKalibreraRadar.h">
      <Filter>Header Files</Filter>
    </ClInclude>
    <ClInclude Include="DlgOverViewOpenGL.h">
      <Filter>Header Files</Filter>
    </ClInclude>
    <ClInclude Include="dlgradarppi.h">
      <Filter>Header Files</Filter>
    </ClInclude>
    <ClInclude Include="DlgRandomFalseTargets.h">
      <Filter>Header Files</Filter>
    </ClInclude>
    <ClInclude Include="MainFrm.h">
      <Filter>Header Files</Filter>
    </ClInclude>
    <ClInclude Include="OpenGL.h">
      <Filter>Header Files</Filter>
    </ClInclude>
    <ClInclude Include="PropPageJammer.h">
      <Filter>Header Files</Filter>
    </ClInclude>
    <ClInclude Include="PropPageRadar.h">
      <Filter>Header Files</Filter>
    </ClInclude>
    <ClInclude Include="PropPageTarget.h">
      <Filter>Header Files</Filter>
    </ClInclude>
    <ClInclude Include="PropSheetUtrustning.h">
      <Filter>Header Files</Filter>
    </ClInclude>
    <ClInclude Include="PropSheetUtrustning1.h">
      <Filter>Header Files</Filter>
    </ClInclude>
    <ClInclude Include="PropSheetUtrustning2.h">
      <Filter>Header Files</Filter>
    </ClInclude>
    <ClInclude Include="RadarCalculate.h">
      <Filter>Header Files</Filter>
    </ClInclude>
    <ClInclude Include="radarplotDoc.h">
      <Filter>Header Files</Filter>
    </ClInclude>
    <ClInclude Include="radarplotView.h">
      <Filter>Header Files</Filter>
    </ClInclude>
    <ClInclude Include="RadarPPI.h">
      <Filter>Header Files</Filter>
    </ClInclude>
    <ClInclude Include="Resource.h">
      <Filter>Header Files</Filter>
    </ClInclude>
    <ClInclude Include="Splash.h">
      <Filter>Header Files</Filter>
    </ClInclude>
    <ClInclude Include="StdAfx.h">
      <Filter>Header Files</Filter>
    </ClInclude>
    <ClInclude Include="Utrustning.h">
      <Filter>Header Files</Filter>
    </ClInclude>
    <ClInclude Include="UtrustningLista.h">
      <Filter>Header Files</Filter>
    </ClInclude>
    <ClInclude Include="UtrustningsKlasser.h">
      <Filter>Header Files</Filter>
    </ClInclude>
    <ClInclude Include="YellowEdit.h">
      <Filter>Header Files</Filter>
    </ClInclude>
    <ClInclude Include="DlgAntennaChart.h">
      <Filter>Header Files</Filter>
    </ClInclude>
    <ClInclude Include="XYPlot.h">
      <Filter>Header Files</Filter>
    </ClInclude>
  </ItemGroup>
  <ItemGroup>
    <Text Include="ReadMe.txt" />
    <Text Include="tips.txt" />
  </ItemGroup>
  <ItemGroup>
    <CustomBuild Include="res\radarplot.rc2">
      <Filter>Resource Files</Filter>
    </CustomBuild>
  </ItemGroup>
</Project>